
Microsoft Visual Studio Solution File, Format Version 12.00
# Visual Studio 15
VisualStudioVersion = 15.0.28010.2016
MinimumVisualStudioVersion = 10.0.40219.1
Project("{FAE04EC0-301F-11D3-BF4B-00C04F79EFBC}") = "CampusADO.UI.Web", "src\CampusADO.UI.Web\CampusADO.UI.Web.csproj", "{18CA71DF-ADDC-4C96-8FDE-7381F664BFA1}"
EndProject
Project("{2150E333-8FDC-42A3-9474-1A3956D46DE8}") = "Solution Items", "Solution Items", "{D5BE045C-9925-4EE5-830D-AE8B2C197F58}"
	ProjectSection(SolutionItems) = preProject
		CHANGELOG.md = CHANGELOG.md
		README.md = README.md
	EndProjectSection
EndProject
Global
	GlobalSection(SolutionConfigurationPlatforms) = preSolution
		Debug|Any CPU = Debug|Any CPU
		Release|Any CPU = Release|Any CPU
	EndGlobalSection
	GlobalSection(ProjectConfigurationPlatforms) = postSolution
		{18CA71DF-ADDC-4C96-8FDE-7381F664BFA1}.Debug|Any CPU.ActiveCfg = Debug|Any CPU
		{18CA71DF-ADDC-4C96-8FDE-7381F664BFA1}.Debug|Any CPU.Build.0 = Debug|Any CPU
		{18CA71DF-ADDC-4C96-8FDE-7381F664BFA1}.Release|Any CPU.ActiveCfg = Release|Any CPU
		{18CA71DF-ADDC-4C96-8FDE-7381F664BFA1}.Release|Any CPU.Build.0 = Release|Any CPU
	EndGlobalSection
	GlobalSection(SolutionProperties) = preSolution
		HideSolutionNode = FALSE
	EndGlobalSection
	GlobalSection(ExtensibilityGlobals) = postSolution
		SolutionGuid = {53EA2D2E-2A4A-487F-9E5F-203F8029CA76}
	EndGlobalSection
EndGlobal
